
Microsoft Visual Studio Solution File, Format Version 12.00
# Visual Studio Version 17
VisualStudioVersion = 17.7.34031.279
MinimumVisualStudioVersion = 10.0.40219.1
Project("{FAE04EC0-301F-11D3-BF4B-00C04F79EFBC}") = "chapter_9_1", "chapter_9_1\chapter_9_1.csproj", "{C98D4518-6586-4002-9342-B451A0D37591}"
EndProject
Global
	GlobalSection(SolutionConfigurationPlatforms) = preSolution
		Debug|Any CPU = Debug|Any CPU
		Release|Any CPU = Release|Any CPU
	EndGlobalSection
	GlobalSection(ProjectConfigurationPlatforms) = postSolution
		{C98D4518-6586-4002-9342-B451A0D37591}.Debug|Any CPU.ActiveCfg = Debug|Any CPU
		{C98D4518-6586-4002-9342-B451A0D37591}.Debug|Any CPU.Build.0 = Debug|Any CPU
		{C98D4518-6586-4002-9342-B451A0D37591}.Release|Any CPU.ActiveCfg = Release|Any CPU
		{C98D4518-6586-4002-9342-B451A0D37591}.Release|Any CPU.Build.0 = Release|Any CPU
	EndGlobalSection
	GlobalSection(SolutionProperties) = preSolution
		HideSolutionNode = FALSE
	EndGlobalSection
	GlobalSection(ExtensibilityGlobals) = postSolution
		SolutionGuid = {5C3CF11E-79D4-4779-A6D1-BBC256517471}
	EndGlobalSection
EndGlobal
